
Microsoft Visual Studio Solution File, Format Version 12.00
# Visual Studio Version 16
VisualStudioVersion = 16.0.30907.101
MinimumVisualStudioVersion = 10.0.40219.1
Project("{FAE04EC0-301F-11D3-BF4B-00C04F79EFBC}") = "Rock Paper Scissors", "Rock Paper Scissors\Rock Paper Scissors.csproj", "{CC3CA7DD-1E6B-4E82-B312-345FCE8A832E}"
EndProject
Global
	GlobalSection(SolutionConfigurationPlatforms) = preSolution
		Debug|Any CPU = Debug|Any CPU
		Release|Any CPU = Release|Any CPU
	EndGlobalSection
	GlobalSection(ProjectConfigurationPlatforms) = postSolution
		{CC3CA7DD-1E6B-4E82-B312-345FCE8A832E}.Debug|Any CPU.ActiveCfg = Debug|Any CPU
		{CC3CA7DD-1E6B-4E82-B312-345FCE8A832E}.Debug|Any CPU.Build.0 = Debug|Any CPU
		{CC3CA7DD-1E6B-4E82-B312-345FCE8A832E}.Release|Any CPU.ActiveCfg = Release|Any CPU
		{CC3CA7DD-1E6B-4E82-B312-345FCE8A832E}.Release|Any CPU.Build.0 = Release|Any CPU
	EndGlobalSection
	GlobalSection(SolutionProperties) = preSolution
		HideSolutionNode = FALSE
	EndGlobalSection
	GlobalSection(ExtensibilityGlobals) = postSolution
		SolutionGuid = {ED6A829B-7863-431C-883F-7A630E994D62}
	EndGlobalSection
EndGlobal
